
Microsoft Visual Studio Solution File, Format Version 12.00
# 
Project("{FAE04EC0-301F-11D3-BF4B-00C04F79EFBC}") = "Api", "Api\Api.csproj", "{778446F0-0EFF-4C9E-A84A-49CF0D1928C4}"
EndProject
Project("{2150E333-8FDC-42A3-9474-1A3956D46DE8}") = "Solution Items", "Solution Items", "{B692F6AD-E0BE-4C5D-81E3-BDCE563E13C5}"
	ProjectSection(SolutionItems) = preProject
		compose.yaml = compose.yaml
	EndProjectSection
EndProject
Project("{2150E333-8FDC-42A3-9474-1A3956D46DE8}") = "Core", "Core", "{47653D28-F4ED-483A-9BE5-49A8DD2FA3D1}"
EndProject
Project("{2150E333-8FDC-42A3-9474-1A3956D46DE8}") = "Infrastucture", "Infrastucture", "{557DCBAC-7782-4394-97AA-9730FE4E5FF6}"
EndProject
Project("{2150E333-8FDC-42A3-9474-1A3956D46DE8}") = "Presentation", "Presentation", "{6407A279-7B34-47A4-951E-5CE5684876BE}"
EndProject
Project("{FAE04EC0-301F-11D3-BF4B-00C04F79EFBC}") = "Domain", "Domain\Domain.csproj", "{88EBB82D-85E9-4D37-98EE-1729350C3DD2}"
EndProject
Project("{FAE04EC0-301F-11D3-BF4B-00C04F79EFBC}") = "Application", "Application\Application.csproj", "{63CD8771-D526-45D2-A6F6-98191C3CA0B8}"
EndProject
Project("{FAE04EC0-301F-11D3-BF4B-00C04F79EFBC}") = "Persistence", "Persistence\Persistence.csproj", "{1A8F1085-1032-424B-8D9B-A390257841B9}"
EndProject
Project("{FAE04EC0-301F-11D3-BF4B-00C04F79EFBC}") = "FileService", "FileService\FileService.csproj", "{C28AB367-83E1-4113-ADD4-3A65A1AC3339}"
EndProject
Project("{FAE04EC0-301F-11D3-BF4B-00C04F79EFBC}") = "TokenService", "TokenService\TokenService.csproj", "{1AA4FEFA-C6B4-49E7-87A1-4FD7AC99EA82}"
EndProject
Project("{FAE04EC0-301F-11D3-BF4B-00C04F79EFBC}") = "RedisService", "RedisService\RedisService.csproj", "{08F85CE2-0D4D-44F8-8D19-5FADE3E08056}"
EndProject
Project("{FAE04EC0-301F-11D3-BF4B-00C04F79EFBC}") = "CurrentUserService", "CurrentUserService\CurrentUserService.csproj", "{319CFAF7-72C9-4915-9A6D-12EF114DEB06}"
EndProject
Project("{2150E333-8FDC-42A3-9474-1A3956D46DE8}") = "Tests", "Tests", "{93A8EAA4-3DF0-4AE9-B245-B9A6023F747B}"
EndProject
Project("{FAE04EC0-301F-11D3-BF4B-00C04F79EFBC}") = "XUnitTests", "XUnitTests\XUnitTests.csproj", "{96883D4C-F5DB-4BB7-8F97-1BA6B2D1D123}"
EndProject
Project("{FAE04EC0-301F-11D3-BF4B-00C04F79EFBC}") = "Shared", "Shared\Shared.csproj", "{A8759C9C-2BB0-468F-B612-2E00DCD0A1B0}"
EndProject
Global
	GlobalSection(SolutionConfigurationPlatforms) = preSolution
		Debug|Any CPU = Debug|Any CPU
		Release|Any CPU = Release|Any CPU
	EndGlobalSection
	GlobalSection(ProjectConfigurationPlatforms) = postSolution
		{778446F0-0EFF-4C9E-A84A-49CF0D1928C4}.Debug|Any CPU.ActiveCfg = Debug|Any CPU
		{778446F0-0EFF-4C9E-A84A-49CF0D1928C4}.Debug|Any CPU.Build.0 = Debug|Any CPU
		{778446F0-0EFF-4C9E-A84A-49CF0D1928C4}.Release|Any CPU.ActiveCfg = Release|Any CPU
		{778446F0-0EFF-4C9E-A84A-49CF0D1928C4}.Release|Any CPU.Build.0 = Release|Any CPU
		{88EBB82D-85E9-4D37-98EE-1729350C3DD2}.Debug|Any CPU.ActiveCfg = Debug|Any CPU
		{88EBB82D-85E9-4D37-98EE-1729350C3DD2}.Debug|Any CPU.Build.0 = Debug|Any CPU
		{88EBB82D-85E9-4D37-98EE-1729350C3DD2}.Release|Any CPU.ActiveCfg = Release|Any CPU
		{88EBB82D-85E9-4D37-98EE-1729350C3DD2}.Release|Any CPU.Build.0 = Release|Any CPU
		{63CD8771-D526-45D2-A6F6-98191C3CA0B8}.Debug|Any CPU.ActiveCfg = Debug|Any CPU
		{63CD8771-D526-45D2-A6F6-98191C3CA0B8}.Debug|Any CPU.Build.0 = Debug|Any CPU
		{63CD8771-D526-45D2-A6F6-98191C3CA0B8}.Release|Any CPU.ActiveCfg = Release|Any CPU
		{63CD8771-D526-45D2-A6F6-98191C3CA0B8}.Release|Any CPU.Build.0 = Release|Any CPU
		{1A8F1085-1032-424B-8D9B-A390257841B9}.Debug|Any CPU.ActiveCfg = Debug|Any CPU
		{1A8F1085-1032-424B-8D9B-A390257841B9}.Debug|Any CPU.Build.0 = Debug|Any CPU
		{1A8F1085-1032-424B-8D9B-A390257841B9}.Release|Any CPU.ActiveCfg = Release|Any CPU
		{1A8F1085-1032-424B-8D9B-A390257841B9}.Release|Any CPU.Build.0 = Release|Any CPU
		{C28AB367-83E1-4113-ADD4-3A65A1AC3339}.Debug|Any CPU.ActiveCfg = Debug|Any CPU
		{C28AB367-83E1-4113-ADD4-3A65A1AC3339}.Debug|Any CPU.Build.0 = Debug|Any CPU
		{C28AB367-83E1-4113-ADD4-3A65A1AC3339}.Release|Any CPU.ActiveCfg = Release|Any CPU
		{C28AB367-83E1-4113-ADD4-3A65A1AC3339}.Release|Any CPU.Build.0 = Release|Any CPU
		{1AA4FEFA-C6B4-49E7-87A1-4FD7AC99EA82}.Debug|Any CPU.ActiveCfg = Debug|Any CPU
		{1AA4FEFA-C6B4-49E7-87A1-4FD7AC99EA82}.Debug|Any CPU.Build.0 = Debug|Any CPU
		{1AA4FEFA-C6B4-49E7-87A1-4FD7AC99EA82}.Release|Any CPU.ActiveCfg = Release|Any CPU
		{1AA4FEFA-C6B4-49E7-87A1-4FD7AC99EA82}.Release|Any CPU.Build.0 = Release|Any CPU
		{08F85CE2-0D4D-44F8-8D19-5FADE3E08056}.Debug|Any CPU.ActiveCfg = Debug|Any CPU
		{08F85CE2-0D4D-44F8-8D19-5FADE3E08056}.Debug|Any CPU.Build.0 = Debug|Any CPU
		{08F85CE2-0D4D-44F8-8D19-5FADE3E08056}.Release|Any CPU.ActiveCfg = Release|Any CPU
		{08F85CE2-0D4D-44F8-8D19-5FADE3E08056}.Release|Any CPU.Build.0 = Release|Any CPU
		{319CFAF7-72C9-4915-9A6D-12EF114DEB06}.Debug|Any CPU.ActiveCfg = Debug|Any CPU
		{319CFAF7-72C9-4915-9A6D-12EF114DEB06}.Debug|Any CPU.Build.0 = Debug|Any CPU
		{319CFAF7-72C9-4915-9A6D-12EF114DEB06}.Release|Any CPU.ActiveCfg = Release|Any CPU
		{319CFAF7-72C9-4915-9A6D-12EF114DEB06}.Release|Any CPU.Build.0 = Release|Any CPU
		{96883D4C-F5DB-4BB7-8F97-1BA6B2D1D123}.Debug|Any CPU.ActiveCfg = Debug|Any CPU
		{96883D4C-F5DB-4BB7-8F97-1BA6B2D1D123}.Debug|Any CPU.Build.0 = Debug|Any CPU
		{96883D4C-F5DB-4BB7-8F97-1BA6B2D1D123}.Release|Any CPU.ActiveCfg = Release|Any CPU
		{96883D4C-F5DB-4BB7-8F97-1BA6B2D1D123}.Release|Any CPU.Build.0 = Release|Any CPU
		{A8759C9C-2BB0-468F-B612-2E00DCD0A1B0}.Debug|Any CPU.ActiveCfg = Debug|Any CPU
		{A8759C9C-2BB0-468F-B612-2E00DCD0A1B0}.Debug|Any CPU.Build.0 = Debug|Any CPU
		{A8759C9C-2BB0-468F-B612-2E00DCD0A1B0}.Release|Any CPU.ActiveCfg = Release|Any CPU
		{A8759C9C-2BB0-468F-B612-2E00DCD0A1B0}.Release|Any CPU.Build.0 = Release|Any CPU
	EndGlobalSection
	GlobalSection(NestedProjects) = preSolution
		{778446F0-0EFF-4C9E-A84A-49CF0D1928C4} = {6407A279-7B34-47A4-951E-5CE5684876BE}
		{88EBB82D-85E9-4D37-98EE-1729350C3DD2} = {47653D28-F4ED-483A-9BE5-49A8DD2FA3D1}
		{63CD8771-D526-45D2-A6F6-98191C3CA0B8} = {47653D28-F4ED-483A-9BE5-49A8DD2FA3D1}
		{1A8F1085-1032-424B-8D9B-A390257841B9} = {557DCBAC-7782-4394-97AA-9730FE4E5FF6}
		{C28AB367-83E1-4113-ADD4-3A65A1AC3339} = {557DCBAC-7782-4394-97AA-9730FE4E5FF6}
		{1AA4FEFA-C6B4-49E7-87A1-4FD7AC99EA82} = {557DCBAC-7782-4394-97AA-9730FE4E5FF6}
		{08F85CE2-0D4D-44F8-8D19-5FADE3E08056} = {557DCBAC-7782-4394-97AA-9730FE4E5FF6}
		{319CFAF7-72C9-4915-9A6D-12EF114DEB06} = {557DCBAC-7782-4394-97AA-9730FE4E5FF6}
		{96883D4C-F5DB-4BB7-8F97-1BA6B2D1D123} = {93A8EAA4-3DF0-4AE9-B245-B9A6023F747B}
	EndGlobalSection
EndGlobal
